{
  "requires": true,
  "lockfileVersion": 1,
  "dependencies": {
    "swipejs": {
      "version": "2.3.1",
      "resolved": "https://registry.npmjs.org/swipejs/-/swipejs-2.3.1.tgz",
      "integrity": "sha512-mUL5MKSVkpQ2/CMgurNNgiKNRKcRkkD1/bfe8f2Y5MZW74E99p3zCxBrV9C7goMmBY4J8lrH3Dm0IQvaV64UEQ=="
    }
  }
}
